
Microsoft Visual Studio Solution File, Format Version 12.00
# Visual Studio 15
VisualStudioVersion = 15.0.28010.2048
MinimumVisualStudioVersion = 10.0.40219.1
Project("{FAE04EC0-301F-11D3-BF4B-00C04F79EFBC}") = "MobileAppPhoto.Android", "MobileAppPhoto\MobileAppPhoto.Android\MobileAppPhoto.Android.csproj", "{532083AD-111D-444F-B162-321BCB06BC0F}"
EndProject
Project("{FAE04EC0-301F-11D3-BF4B-00C04F79EFBC}") = "MobileAppPhoto", "MobileAppPhoto\MobileAppPhoto\MobileAppPhoto.csproj", "{BF04EB05-412A-449B-A869-D60FF9CA1F2C}"
EndProject
Global
	GlobalSection(SolutionConfigurationPlatforms) = preSolution
		Debug|Any CPU = Debug|Any CPU
		Release|Any CPU = Release|Any CPU
	EndGlobalSection
	GlobalSection(ProjectConfigurationPlatforms) = postSolution
		{532083AD-111D-444F-B162-321BCB06BC0F}.Debug|Any CPU.ActiveCfg = Debug|Any CPU
		{532083AD-111D-444F-B162-321BCB06BC0F}.Debug|Any CPU.Build.0 = Debug|Any CPU
		{532083AD-111D-444F-B162-321BCB06BC0F}.Debug|Any CPU.Deploy.0 = Debug|Any CPU
		{532083AD-111D-444F-B162-321BCB06BC0F}.Release|Any CPU.ActiveCfg = Release|Any CPU
		{532083AD-111D-444F-B162-321BCB06BC0F}.Release|Any CPU.Build.0 = Release|Any CPU
		{532083AD-111D-444F-B162-321BCB06BC0F}.Release|Any CPU.Deploy.0 = Release|Any CPU
		{BF04EB05-412A-449B-A869-D60FF9CA1F2C}.Debug|Any CPU.ActiveCfg = Debug|Any CPU
		{BF04EB05-412A-449B-A869-D60FF9CA1F2C}.Debug|Any CPU.Build.0 = Debug|Any CPU
		{BF04EB05-412A-449B-A869-D60FF9CA1F2C}.Debug|Any CPU.Deploy.0 = Debug|Any CPU
		{BF04EB05-412A-449B-A869-D60FF9CA1F2C}.Release|Any CPU.ActiveCfg = Release|Any CPU
		{BF04EB05-412A-449B-A869-D60FF9CA1F2C}.Release|Any CPU.Build.0 = Release|Any CPU
		{BF04EB05-412A-449B-A869-D60FF9CA1F2C}.Release|Any CPU.Deploy.0 = Release|Any CPU
	EndGlobalSection
	GlobalSection(SolutionProperties) = preSolution
		HideSolutionNode = FALSE
	EndGlobalSection
	GlobalSection(ExtensibilityGlobals) = postSolution
		SolutionGuid = {EDCD74AA-36B1-4240-966F-18EAE3D2DF76}
	EndGlobalSection
EndGlobal
